{
    "name": "@zachfejes/js-horizons",
    "version": "0.2.0",
    "lockfileVersion": 1,
    "requires": true,
    "dependencies": {
        "bluebird": {
            "version": "3.5.2",
            "resolved": "https://registry.npmjs.org/bluebird/-/bluebird-3.5.2.tgz",
            "integrity": "sha512-dhHTWMI7kMx5whMQntl7Vr9C6BvV10lFXDAasnqnrMYhXVCzzk6IO9Fo2L75jXHT07WrOngL1WDXOp+yYS91Yg=="
        },
        "telnet-client": {
            "version": "0.16.1",
            "resolved": "https://registry.npmjs.org/telnet-client/-/telnet-client-0.16.1.tgz",
            "integrity": "sha512-gF83BrDK5bDRNhUdxquydWlJYulA4Pit9UxaFQYruBNM4w3Ut0rkuNF+zUOrlFSGwh9ZNwuDae+Ie/2DqNeRtw==",
            "requires": {
                "bluebird": "3.5.2"
            }
        }
    }
}
